
Microsoft Visual Studio Solution File, Format Version 12.00
# Visual Studio Version 17
VisualStudioVersion = 17.14.36310.24 d17.14
MinimumVisualStudioVersion = 10.0.40219.1
Project("{FAE04EC0-301F-11D3-BF4B-00C04F79EFBC}") = "Laboratorio1Progra", "Laboratorio1Progra\Laboratorio1Progra.csproj", "{996ECCEB-3422-40F9-80DC-F3A8D121388A}"
EndProject
Global
	GlobalSection(SolutionConfigurationPlatforms) = preSolution
		Debug|Any CPU = Debug|Any CPU
		Release|Any CPU = Release|Any CPU
	EndGlobalSection
	GlobalSection(ProjectConfigurationPlatforms) = postSolution
		{996ECCEB-3422-40F9-80DC-F3A8D121388A}.Debug|Any CPU.ActiveCfg = Debug|Any CPU
		{996ECCEB-3422-40F9-80DC-F3A8D121388A}.Debug|Any CPU.Build.0 = Debug|Any CPU
		{996ECCEB-3422-40F9-80DC-F3A8D121388A}.Release|Any CPU.ActiveCfg = Release|Any CPU
		{996ECCEB-3422-40F9-80DC-F3A8D121388A}.Release|Any CPU.Build.0 = Release|Any CPU
	EndGlobalSection
	GlobalSection(SolutionProperties) = preSolution
		HideSolutionNode = FALSE
	EndGlobalSection
	GlobalSection(ExtensibilityGlobals) = postSolution
		SolutionGuid = {67D4EBD9-1D9A-42BC-A1A2-7030A1E3086D}
	EndGlobalSection
EndGlobal
